
Microsoft Visual Studio Solution File, Format Version 11.00
# Visual Studio 2010
Project("{FAE04EC0-301F-11D3-BF4B-00C04F79EFBC}") = "ConsoleLib", "ConsoleLib\ConsoleLib.csproj", "{697B131A-E5FB-49A5-AAD1-602E39DC2130}"
EndProject
Project("{FAE04EC0-301F-11D3-BF4B-00C04F79EFBC}") = "ConsoleClient", "ConsoleClient\ConsoleClient.csproj", "{413579B8-F9FF-4AFF-BA1D-2FD5A8F9BE32}"
EndProject
Project("{FAE04EC0-301F-11D3-BF4B-00C04F79EFBC}") = "PythonConsoleProcessor", "PythonConsoleProcessor\PythonConsoleProcessor.csproj", "{2D6A1EA2-244F-482B-81B9-937217FF2064}"
EndProject
Project("{2150E333-8FDC-42A3-9474-1A3956D46DE8}") = ".nuget", ".nuget", "{BF802072-99EB-4E6B-AE8D-F9FB65326B2C}"
	ProjectSection(SolutionItems) = preProject
		.nuget\NuGet.Config = .nuget\NuGet.Config
		.nuget\nuget.exe = .nuget\nuget.exe
		.nuget\NuGet.targets = .nuget\NuGet.targets
	EndProjectSection
EndProject
Project("{FAE04EC0-301F-11D3-BF4B-00C04F79EFBC}") = "JavascriptConsoleProcessor", "JavascriptConsoleProcessor\JavascriptConsoleProcessor.csproj", "{1EFEA3FA-80CE-47F6-8266-CF563877613C}"
EndProject
Project("{FAE04EC0-301F-11D3-BF4B-00C04F79EFBC}") = "TestConsoleHost", "TestConsoleHost\TestConsoleHost.csproj", "{DCE4D015-0A0E-4D2F-B34F-0B68457587A4}"
EndProject
Global
	GlobalSection(SolutionConfigurationPlatforms) = preSolution
		Debug|Any CPU = Debug|Any CPU
		Debug|Mixed Platforms = Debug|Mixed Platforms
		Debug|x86 = Debug|x86
		Release|Any CPU = Release|Any CPU
		Release|Mixed Platforms = Release|Mixed Platforms
		Release|x86 = Release|x86
	EndGlobalSection
	GlobalSection(ProjectConfigurationPlatforms) = postSolution
		{697B131A-E5FB-49A5-AAD1-602E39DC2130}.Debug|Any CPU.ActiveCfg = Debug|Any CPU
		{697B131A-E5FB-49A5-AAD1-602E39DC2130}.Debug|Any CPU.Build.0 = Debug|Any CPU
		{697B131A-E5FB-49A5-AAD1-602E39DC2130}.Debug|Mixed Platforms.ActiveCfg = Debug|Any CPU
		{697B131A-E5FB-49A5-AAD1-602E39DC2130}.Debug|Mixed Platforms.Build.0 = Debug|Any CPU
		{697B131A-E5FB-49A5-AAD1-602E39DC2130}.Debug|x86.ActiveCfg = Debug|Any CPU
		{697B131A-E5FB-49A5-AAD1-602E39DC2130}.Release|Any CPU.ActiveCfg = Release|Any CPU
		{697B131A-E5FB-49A5-AAD1-602E39DC2130}.Release|Any CPU.Build.0 = Release|Any CPU
		{697B131A-E5FB-49A5-AAD1-602E39DC2130}.Release|Mixed Platforms.ActiveCfg = Release|Any CPU
		{697B131A-E5FB-49A5-AAD1-602E39DC2130}.Release|Mixed Platforms.Build.0 = Release|Any CPU
		{697B131A-E5FB-49A5-AAD1-602E39DC2130}.Release|x86.ActiveCfg = Release|Any CPU
		{413579B8-F9FF-4AFF-BA1D-2FD5A8F9BE32}.Debug|Any CPU.ActiveCfg = Debug|x86
		{413579B8-F9FF-4AFF-BA1D-2FD5A8F9BE32}.Debug|Mixed Platforms.ActiveCfg = Debug|x86
		{413579B8-F9FF-4AFF-BA1D-2FD5A8F9BE32}.Debug|Mixed Platforms.Build.0 = Debug|x86
		{413579B8-F9FF-4AFF-BA1D-2FD5A8F9BE32}.Debug|x86.ActiveCfg = Debug|x86
		{413579B8-F9FF-4AFF-BA1D-2FD5A8F9BE32}.Debug|x86.Build.0 = Debug|x86
		{413579B8-F9FF-4AFF-BA1D-2FD5A8F9BE32}.Release|Any CPU.ActiveCfg = Release|x86
		{413579B8-F9FF-4AFF-BA1D-2FD5A8F9BE32}.Release|Mixed Platforms.ActiveCfg = Release|x86
		{413579B8-F9FF-4AFF-BA1D-2FD5A8F9BE32}.Release|Mixed Platforms.Build.0 = Release|x86
		{413579B8-F9FF-4AFF-BA1D-2FD5A8F9BE32}.Release|x86.ActiveCfg = Release|x86
		{413579B8-F9FF-4AFF-BA1D-2FD5A8F9BE32}.Release|x86.Build.0 = Release|x86
		{2D6A1EA2-244F-482B-81B9-937217FF2064}.Debug|Any CPU.ActiveCfg = Debug|Any CPU
		{2D6A1EA2-244F-482B-81B9-937217FF2064}.Debug|Any CPU.Build.0 = Debug|Any CPU
		{2D6A1EA2-244F-482B-81B9-937217FF2064}.Debug|Mixed Platforms.ActiveCfg = Debug|Any CPU
		{2D6A1EA2-244F-482B-81B9-937217FF2064}.Debug|Mixed Platforms.Build.0 = Debug|Any CPU
		{2D6A1EA2-244F-482B-81B9-937217FF2064}.Debug|x86.ActiveCfg = Debug|Any CPU
		{2D6A1EA2-244F-482B-81B9-937217FF2064}.Release|Any CPU.ActiveCfg = Release|Any CPU
		{2D6A1EA2-244F-482B-81B9-937217FF2064}.Release|Any CPU.Build.0 = Release|Any CPU
		{2D6A1EA2-244F-482B-81B9-937217FF2064}.Release|Mixed Platforms.ActiveCfg = Release|Any CPU
		{2D6A1EA2-244F-482B-81B9-937217FF2064}.Release|Mixed Platforms.Build.0 = Release|Any CPU
		{2D6A1EA2-244F-482B-81B9-937217FF2064}.Release|x86.ActiveCfg = Release|Any CPU
		{1EFEA3FA-80CE-47F6-8266-CF563877613C}.Debug|Any CPU.ActiveCfg = Debug|Any CPU
		{1EFEA3FA-80CE-47F6-8266-CF563877613C}.Debug|Any CPU.Build.0 = Debug|Any CPU
		{1EFEA3FA-80CE-47F6-8266-CF563877613C}.Debug|Mixed Platforms.ActiveCfg = Debug|Any CPU
		{1EFEA3FA-80CE-47F6-8266-CF563877613C}.Debug|Mixed Platforms.Build.0 = Debug|Any CPU
		{1EFEA3FA-80CE-47F6-8266-CF563877613C}.Debug|x86.ActiveCfg = Debug|Any CPU
		{1EFEA3FA-80CE-47F6-8266-CF563877613C}.Release|Any CPU.ActiveCfg = Release|Any CPU
		{1EFEA3FA-80CE-47F6-8266-CF563877613C}.Release|Any CPU.Build.0 = Release|Any CPU
		{1EFEA3FA-80CE-47F6-8266-CF563877613C}.Release|Mixed Platforms.ActiveCfg = Release|Any CPU
		{1EFEA3FA-80CE-47F6-8266-CF563877613C}.Release|Mixed Platforms.Build.0 = Release|Any CPU
		{1EFEA3FA-80CE-47F6-8266-CF563877613C}.Release|x86.ActiveCfg = Release|Any CPU
		{DCE4D015-0A0E-4D2F-B34F-0B68457587A4}.Debug|Any CPU.ActiveCfg = Debug|x86
		{DCE4D015-0A0E-4D2F-B34F-0B68457587A4}.Debug|Mixed Platforms.ActiveCfg = Debug|x86
		{DCE4D015-0A0E-4D2F-B34F-0B68457587A4}.Debug|Mixed Platforms.Build.0 = Debug|x86
		{DCE4D015-0A0E-4D2F-B34F-0B68457587A4}.Debug|x86.ActiveCfg = Debug|x86
		{DCE4D015-0A0E-4D2F-B34F-0B68457587A4}.Debug|x86.Build.0 = Debug|x86
		{DCE4D015-0A0E-4D2F-B34F-0B68457587A4}.Release|Any CPU.ActiveCfg = Release|x86
		{DCE4D015-0A0E-4D2F-B34F-0B68457587A4}.Release|Mixed Platforms.ActiveCfg = Release|x86
		{DCE4D015-0A0E-4D2F-B34F-0B68457587A4}.Release|Mixed Platforms.Build.0 = Release|x86
		{DCE4D015-0A0E-4D2F-B34F-0B68457587A4}.Release|x86.ActiveCfg = Release|x86
		{DCE4D015-0A0E-4D2F-B34F-0B68457587A4}.Release|x86.Build.0 = Release|x86
	EndGlobalSection
	GlobalSection(SolutionProperties) = preSolution
		HideSolutionNode = FALSE
	EndGlobalSection
EndGlobal
